
Microsoft Visual Studio Solution File, Format Version 12.00
# Visual Studio Version 16
VisualStudioVersion = 16.0.31321.278
MinimumVisualStudioVersion = 10.0.40219.1
Project("{FAE04EC0-301F-11D3-BF4B-00C04F79EFBC}") = "PharmaDotCom", "PharmaDotCom\PharmaDotCom.csproj", "{235124D4-6813-42AB-B1B4-48F2C4798987}"
EndProject
Global
	GlobalSection(SolutionConfigurationPlatforms) = preSolution
		Debug|Any CPU = Debug|Any CPU
		Release|Any CPU = Release|Any CPU
	EndGlobalSection
	GlobalSection(ProjectConfigurationPlatforms) = postSolution
		{235124D4-6813-42AB-B1B4-48F2C4798987}.Debug|Any CPU.ActiveCfg = Debug|Any CPU
		{235124D4-6813-42AB-B1B4-48F2C4798987}.Debug|Any CPU.Build.0 = Debug|Any CPU
		{235124D4-6813-42AB-B1B4-48F2C4798987}.Release|Any CPU.ActiveCfg = Release|Any CPU
		{235124D4-6813-42AB-B1B4-48F2C4798987}.Release|Any CPU.Build.0 = Release|Any CPU
	EndGlobalSection
	GlobalSection(SolutionProperties) = preSolution
		HideSolutionNode = FALSE
	EndGlobalSection
	GlobalSection(ExtensibilityGlobals) = postSolution
		SolutionGuid = {C1E61340-1E18-4E03-9E76-DAD3F147BEB6}
	EndGlobalSection
EndGlobal
